
Microsoft Visual Studio Solution File, Format Version 12.00
# Visual Studio 15
VisualStudioVersion = 15.0.28010.2036
MinimumVisualStudioVersion = 10.0.40219.1
Project("{FAE04EC0-301F-11D3-BF4B-00C04F79EFBC}") = "DynamicButtons", "DynamicButtons\DynamicButtons.csproj", "{4AF6BF6C-AB97-4EA3-BFA1-60A50597C149}"
EndProject
Global
	GlobalSection(SolutionConfigurationPlatforms) = preSolution
		Debug|Any CPU = Debug|Any CPU
		Release|Any CPU = Release|Any CPU
	EndGlobalSection
	GlobalSection(ProjectConfigurationPlatforms) = postSolution
		{4AF6BF6C-AB97-4EA3-BFA1-60A50597C149}.Debug|Any CPU.ActiveCfg = Debug|Any CPU
		{4AF6BF6C-AB97-4EA3-BFA1-60A50597C149}.Debug|Any CPU.Build.0 = Debug|Any CPU
		{4AF6BF6C-AB97-4EA3-BFA1-60A50597C149}.Release|Any CPU.ActiveCfg = Release|Any CPU
		{4AF6BF6C-AB97-4EA3-BFA1-60A50597C149}.Release|Any CPU.Build.0 = Release|Any CPU
	EndGlobalSection
	GlobalSection(SolutionProperties) = preSolution
		HideSolutionNode = FALSE
	EndGlobalSection
	GlobalSection(ExtensibilityGlobals) = postSolution
		SolutionGuid = {14FE9E0C-C6CD-4FF6-9AB9-0A366AA19169}
	EndGlobalSection
EndGlobal
