
Microsoft Visual Studio Solution File, Format Version 12.00
# Visual Studio 15
VisualStudioVersion = 15.0.28010.2036
MinimumVisualStudioVersion = 10.0.40219.1
Project("{FAE04EC0-301F-11D3-BF4B-00C04F79EFBC}") = "Dynamic", "Dynamic\Dynamic.csproj", "{AA1298C0-AD1C-4982-9D09-129ACFA32118}"
EndProject
Global
	GlobalSection(SolutionConfigurationPlatforms) = preSolution
		Debug|Any CPU = Debug|Any CPU
		Release|Any CPU = Release|Any CPU
	EndGlobalSection
	GlobalSection(ProjectConfigurationPlatforms) = postSolution
		{AA1298C0-AD1C-4982-9D09-129ACFA32118}.Debug|Any CPU.ActiveCfg = Debug|Any CPU
		{AA1298C0-AD1C-4982-9D09-129ACFA32118}.Debug|Any CPU.Build.0 = Debug|Any CPU
		{AA1298C0-AD1C-4982-9D09-129ACFA32118}.Release|Any CPU.ActiveCfg = Release|Any CPU
		{AA1298C0-AD1C-4982-9D09-129ACFA32118}.Release|Any CPU.Build.0 = Release|Any CPU
	EndGlobalSection
	GlobalSection(SolutionProperties) = preSolution
		HideSolutionNode = FALSE
	EndGlobalSection
	GlobalSection(ExtensibilityGlobals) = postSolution
		SolutionGuid = {E4042980-6B1E-4709-9636-E42F809ECB26}
	EndGlobalSection
EndGlobal
